
Microsoft Visual Studio Solution File, Format Version 12.00
# Visual Studio Version 16
VisualStudioVersion = 16.0.29326.143
MinimumVisualStudioVersion = 10.0.40219.1
Project("{FAE04EC0-301F-11D3-BF4B-00C04F79EFBC}") = "poo-exercicio", "poo-exercicio.csproj", "{D30537D0-FD14-40E8-8A29-1D6AE6ED5C0D}"
EndProject
Global
	GlobalSection(SolutionConfigurationPlatforms) = preSolution
		Debug|Any CPU = Debug|Any CPU
		Release|Any CPU = Release|Any CPU
	EndGlobalSection
	GlobalSection(ProjectConfigurationPlatforms) = postSolution
		{D30537D0-FD14-40E8-8A29-1D6AE6ED5C0D}.Debug|Any CPU.ActiveCfg = Debug|Any CPU
		{D30537D0-FD14-40E8-8A29-1D6AE6ED5C0D}.Debug|Any CPU.Build.0 = Debug|Any CPU
		{D30537D0-FD14-40E8-8A29-1D6AE6ED5C0D}.Release|Any CPU.ActiveCfg = Release|Any CPU
		{D30537D0-FD14-40E8-8A29-1D6AE6ED5C0D}.Release|Any CPU.Build.0 = Release|Any CPU
	EndGlobalSection
	GlobalSection(SolutionProperties) = preSolution
		HideSolutionNode = FALSE
	EndGlobalSection
	GlobalSection(ExtensibilityGlobals) = postSolution
		SolutionGuid = {6D8D5482-53D7-4553-A154-4CD979748272}
	EndGlobalSection
EndGlobal
